
Microsoft Visual Studio Solution File, Format Version 12.00
# Visual Studio 14
VisualStudioVersion = 14.0.23107.0
MinimumVisualStudioVersion = 10.0.40219.1
Project("{262852C6-CD72-467D-83FE-5EEB1973A190}") = "Office365Cordova", "Office365Cordova\Office365Cordova.jsproj", "{74EDCAF0-876D-45FD-9547-9BC582BBEABB}"
EndProject
Project("{FAE04EC0-301F-11D3-BF4B-00C04F79EFBC}") = "Office365WebClient", "Office365Cordova\Office365WebClient.csproj", "{41BEB77F-F340-4C6C-8EC5-1FC8B93746D2}"
EndProject
Global
	GlobalSection(SolutionConfigurationPlatforms) = preSolution
		Debug|Android = Debug|Android
		Debug|Any CPU = Debug|Any CPU
		Debug|iOS = Debug|iOS
		Debug|Windows Phone (Universal) = Debug|Windows Phone (Universal)
		Debug|Windows Phone 8 = Debug|Windows Phone 8
		Debug|Windows-AnyCPU = Debug|Windows-AnyCPU
		Debug|Windows-ARM = Debug|Windows-ARM
		Debug|Windows-x64 = Debug|Windows-x64
		Debug|Windows-x86 = Debug|Windows-x86
		Release|Android = Release|Android
		Release|Any CPU = Release|Any CPU
		Release|iOS = Release|iOS
		Release|Windows Phone (Universal) = Release|Windows Phone (Universal)
		Release|Windows Phone 8 = Release|Windows Phone 8
		Release|Windows-AnyCPU = Release|Windows-AnyCPU
		Release|Windows-ARM = Release|Windows-ARM
		Release|Windows-x64 = Release|Windows-x64
		Release|Windows-x86 = Release|Windows-x86
	EndGlobalSection
	GlobalSection(ProjectConfigurationPlatforms) = postSolution
		{74EDCAF0-876D-45FD-9547-9BC582BBEABB}.Debug|Android.ActiveCfg = Debug|Android
		{74EDCAF0-876D-45FD-9547-9BC582BBEABB}.Debug|Android.Build.0 = Debug|Android
		{74EDCAF0-876D-45FD-9547-9BC582BBEABB}.Debug|Android.Deploy.0 = Debug|Android
		{74EDCAF0-876D-45FD-9547-9BC582BBEABB}.Debug|Any CPU.ActiveCfg = Debug|Android
		{74EDCAF0-876D-45FD-9547-9BC582BBEABB}.Debug|iOS.ActiveCfg = Debug|iOS
		{74EDCAF0-876D-45FD-9547-9BC582BBEABB}.Debug|iOS.Build.0 = Debug|iOS
		{74EDCAF0-876D-45FD-9547-9BC582BBEABB}.Debug|iOS.Deploy.0 = Debug|iOS
		{74EDCAF0-876D-45FD-9547-9BC582BBEABB}.Debug|Windows Phone (Universal).ActiveCfg = Debug|Windows Phone (Universal)
		{74EDCAF0-876D-45FD-9547-9BC582BBEABB}.Debug|Windows Phone (Universal).Build.0 = Debug|Windows Phone (Universal)
		{74EDCAF0-876D-45FD-9547-9BC582BBEABB}.Debug|Windows Phone (Universal).Deploy.0 = Debug|Windows Phone (Universal)
		{74EDCAF0-876D-45FD-9547-9BC582BBEABB}.Debug|Windows Phone 8.ActiveCfg = Debug|Windows Phone 8
		{74EDCAF0-876D-45FD-9547-9BC582BBEABB}.Debug|Windows Phone 8.Build.0 = Debug|Windows Phone 8
		{74EDCAF0-876D-45FD-9547-9BC582BBEABB}.Debug|Windows Phone 8.Deploy.0 = Debug|Windows Phone 8
		{74EDCAF0-876D-45FD-9547-9BC582BBEABB}.Debug|Windows-AnyCPU.ActiveCfg = Debug|Windows-AnyCPU
		{74EDCAF0-876D-45FD-9547-9BC582BBEABB}.Debug|Windows-AnyCPU.Build.0 = Debug|Windows-AnyCPU
		{74EDCAF0-876D-45FD-9547-9BC582BBEABB}.Debug|Windows-AnyCPU.Deploy.0 = Debug|Windows-AnyCPU
		{74EDCAF0-876D-45FD-9547-9BC582BBEABB}.Debug|Windows-ARM.ActiveCfg = Debug|Windows-ARM
		{74EDCAF0-876D-45FD-9547-9BC582BBEABB}.Debug|Windows-ARM.Build.0 = Debug|Windows-ARM
		{74EDCAF0-876D-45FD-9547-9BC582BBEABB}.Debug|Windows-ARM.Deploy.0 = Debug|Windows-ARM
		{74EDCAF0-876D-45FD-9547-9BC582BBEABB}.Debug|Windows-x64.ActiveCfg = Debug|Windows-x64
		{74EDCAF0-876D-45FD-9547-9BC582BBEABB}.Debug|Windows-x64.Build.0 = Debug|Windows-x64
		{74EDCAF0-876D-45FD-9547-9BC582BBEABB}.Debug|Windows-x64.Deploy.0 = Debug|Windows-x64
		{74EDCAF0-876D-45FD-9547-9BC582BBEABB}.Debug|Windows-x86.ActiveCfg = Debug|Windows-x86
		{74EDCAF0-876D-45FD-9547-9BC582BBEABB}.Debug|Windows-x86.Build.0 = Debug|Windows-x86
		{74EDCAF0-876D-45FD-9547-9BC582BBEABB}.Debug|Windows-x86.Deploy.0 = Debug|Windows-x86
		{74EDCAF0-876D-45FD-9547-9BC582BBEABB}.Release|Android.ActiveCfg = Release|Android
		{74EDCAF0-876D-45FD-9547-9BC582BBEABB}.Release|Android.Build.0 = Release|Android
		{74EDCAF0-876D-45FD-9547-9BC582BBEABB}.Release|Android.Deploy.0 = Release|Android
		{74EDCAF0-876D-45FD-9547-9BC582BBEABB}.Release|Any CPU.ActiveCfg = Release|Android
		{74EDCAF0-876D-45FD-9547-9BC582BBEABB}.Release|iOS.ActiveCfg = Release|iOS
		{74EDCAF0-876D-45FD-9547-9BC582BBEABB}.Release|iOS.Build.0 = Release|iOS
		{74EDCAF0-876D-45FD-9547-9BC582BBEABB}.Release|iOS.Deploy.0 = Release|iOS
		{74EDCAF0-876D-45FD-9547-9BC582BBEABB}.Release|Windows Phone (Universal).ActiveCfg = Release|Windows Phone (Universal)
		{74EDCAF0-876D-45FD-9547-9BC582BBEABB}.Release|Windows Phone (Universal).Build.0 = Release|Windows Phone (Universal)
		{74EDCAF0-876D-45FD-9547-9BC582BBEABB}.Release|Windows Phone (Universal).Deploy.0 = Release|Windows Phone (Universal)
		{74EDCAF0-876D-45FD-9547-9BC582BBEABB}.Release|Windows Phone 8.ActiveCfg = Release|Windows Phone 8
		{74EDCAF0-876D-45FD-9547-9BC582BBEABB}.Release|Windows Phone 8.Build.0 = Release|Windows Phone 8
		{74EDCAF0-876D-45FD-9547-9BC582BBEABB}.Release|Windows Phone 8.Deploy.0 = Release|Windows Phone 8
		{74EDCAF0-876D-45FD-9547-9BC582BBEABB}.Release|Windows-AnyCPU.ActiveCfg = Release|Windows-AnyCPU
		{74EDCAF0-876D-45FD-9547-9BC582BBEABB}.Release|Windows-AnyCPU.Build.0 = Release|Windows-AnyCPU
		{74EDCAF0-876D-45FD-9547-9BC582BBEABB}.Release|Windows-AnyCPU.Deploy.0 = Release|Windows-AnyCPU
		{74EDCAF0-876D-45FD-9547-9BC582BBEABB}.Release|Windows-ARM.ActiveCfg = Release|Windows-ARM
		{74EDCAF0-876D-45FD-9547-9BC582BBEABB}.Release|Windows-ARM.Build.0 = Release|Windows-ARM
		{74EDCAF0-876D-45FD-9547-9BC582BBEABB}.Release|Windows-ARM.Deploy.0 = Release|Windows-ARM
		{74EDCAF0-876D-45FD-9547-9BC582BBEABB}.Release|Windows-x64.ActiveCfg = Release|Windows-x64
		{74EDCAF0-876D-45FD-9547-9BC582BBEABB}.Release|Windows-x64.Build.0 = Release|Windows-x64
		{74EDCAF0-876D-45FD-9547-9BC582BBEABB}.Release|Windows-x64.Deploy.0 = Release|Windows-x64
		{74EDCAF0-876D-45FD-9547-9BC582BBEABB}.Release|Windows-x86.ActiveCfg = Release|Windows-x86
		{74EDCAF0-876D-45FD-9547-9BC582BBEABB}.Release|Windows-x86.Build.0 = Release|Windows-x86
		{74EDCAF0-876D-45FD-9547-9BC582BBEABB}.Release|Windows-x86.Deploy.0 = Release|Windows-x86
		{41BEB77F-F340-4C6C-8EC5-1FC8B93746D2}.Debug|Android.ActiveCfg = Debug|Any CPU
		{41BEB77F-F340-4C6C-8EC5-1FC8B93746D2}.Debug|Android.Build.0 = Debug|Any CPU
		{41BEB77F-F340-4C6C-8EC5-1FC8B93746D2}.Debug|Any CPU.ActiveCfg = Debug|Any CPU
		{41BEB77F-F340-4C6C-8EC5-1FC8B93746D2}.Debug|Any CPU.Build.0 = Debug|Any CPU
		{41BEB77F-F340-4C6C-8EC5-1FC8B93746D2}.Debug|iOS.ActiveCfg = Debug|Any CPU
		{41BEB77F-F340-4C6C-8EC5-1FC8B93746D2}.Debug|iOS.Build.0 = Debug|Any CPU
		{41BEB77F-F340-4C6C-8EC5-1FC8B93746D2}.Debug|Windows Phone (Universal).ActiveCfg = Debug|Any CPU
		{41BEB77F-F340-4C6C-8EC5-1FC8B93746D2}.Debug|Windows Phone (Universal).Build.0 = Debug|Any CPU
		{41BEB77F-F340-4C6C-8EC5-1FC8B93746D2}.Debug|Windows Phone 8.ActiveCfg = Debug|Any CPU
		{41BEB77F-F340-4C6C-8EC5-1FC8B93746D2}.Debug|Windows Phone 8.Build.0 = Debug|Any CPU
		{41BEB77F-F340-4C6C-8EC5-1FC8B93746D2}.Debug|Windows-AnyCPU.ActiveCfg = Debug|Any CPU
		{41BEB77F-F340-4C6C-8EC5-1FC8B93746D2}.Debug|Windows-AnyCPU.Build.0 = Debug|Any CPU
		{41BEB77F-F340-4C6C-8EC5-1FC8B93746D2}.Debug|Windows-ARM.ActiveCfg = Debug|Any CPU
		{41BEB77F-F340-4C6C-8EC5-1FC8B93746D2}.Debug|Windows-ARM.Build.0 = Debug|Any CPU
		{41BEB77F-F340-4C6C-8EC5-1FC8B93746D2}.Debug|Windows-x64.ActiveCfg = Debug|Any CPU
		{41BEB77F-F340-4C6C-8EC5-1FC8B93746D2}.Debug|Windows-x64.Build.0 = Debug|Any CPU
		{41BEB77F-F340-4C6C-8EC5-1FC8B93746D2}.Debug|Windows-x86.ActiveCfg = Debug|Any CPU
		{41BEB77F-F340-4C6C-8EC5-1FC8B93746D2}.Debug|Windows-x86.Build.0 = Debug|Any CPU
		{41BEB77F-F340-4C6C-8EC5-1FC8B93746D2}.Release|Android.ActiveCfg = Release|Any CPU
		{41BEB77F-F340-4C6C-8EC5-1FC8B93746D2}.Release|Android.Build.0 = Release|Any CPU
		{41BEB77F-F340-4C6C-8EC5-1FC8B93746D2}.Release|Any CPU.ActiveCfg = Release|Any CPU
		{41BEB77F-F340-4C6C-8EC5-1FC8B93746D2}.Release|Any CPU.Build.0 = Release|Any CPU
		{41BEB77F-F340-4C6C-8EC5-1FC8B93746D2}.Release|iOS.ActiveCfg = Release|Any CPU
		{41BEB77F-F340-4C6C-8EC5-1FC8B93746D2}.Release|iOS.Build.0 = Release|Any CPU
		{41BEB77F-F340-4C6C-8EC5-1FC8B93746D2}.Release|Windows Phone (Universal).ActiveCfg = Release|Any CPU
		{41BEB77F-F340-4C6C-8EC5-1FC8B93746D2}.Release|Windows Phone (Universal).Build.0 = Release|Any CPU
		{41BEB77F-F340-4C6C-8EC5-1FC8B93746D2}.Release|Windows Phone 8.ActiveCfg = Release|Any CPU
		{41BEB77F-F340-4C6C-8EC5-1FC8B93746D2}.Release|Windows Phone 8.Build.0 = Release|Any CPU
		{41BEB77F-F340-4C6C-8EC5-1FC8B93746D2}.Release|Windows-AnyCPU.ActiveCfg = Release|Any CPU
		{41BEB77F-F340-4C6C-8EC5-1FC8B93746D2}.Release|Windows-AnyCPU.Build.0 = Release|Any CPU
		{41BEB77F-F340-4C6C-8EC5-1FC8B93746D2}.Release|Windows-ARM.ActiveCfg = Release|Any CPU
		{41BEB77F-F340-4C6C-8EC5-1FC8B93746D2}.Release|Windows-ARM.Build.0 = Release|Any CPU
		{41BEB77F-F340-4C6C-8EC5-1FC8B93746D2}.Release|Windows-x64.ActiveCfg = Release|Any CPU
		{41BEB77F-F340-4C6C-8EC5-1FC8B93746D2}.Release|Windows-x64.Build.0 = Release|Any CPU
		{41BEB77F-F340-4C6C-8EC5-1FC8B93746D2}.Release|Windows-x86.ActiveCfg = Release|Any CPU
		{41BEB77F-F340-4C6C-8EC5-1FC8B93746D2}.Release|Windows-x86.Build.0 = Release|Any CPU
	EndGlobalSection
	GlobalSection(SolutionProperties) = preSolution
		HideSolutionNode = FALSE
	EndGlobalSection
EndGlobal
